// !$*UTF8*$!
{
	archiveVersion = 1;
	classes = {
	};
	objectVersion = 50;
	objects = {

/* Begin PBXBuildFile section */
		B41617B521539A4A00BA8F7B /* AppDelegate.swift in Sources */ = {isa = PBXBuildFile; fileRef = B41617B421539A4A00BA8F7B /* AppDelegate.swift */; };
		B41617B721539A4A00BA8F7B /* ViewController.swift in Sources */ = {isa = PBXBuildFile; fileRef = B41617B621539A4A00BA8F7B /* ViewController.swift */; };
		B41617BA21539A4A00BA8F7B /* Main.storyboard in Resources */ = {isa = PBXBuildFile; fileRef = B41617B821539A4A00BA8F7B /* Main.storyboard */; };
		B41617BC21539A4C00BA8F7B /* Assets.xcassets in Resources */ = {isa = PBXBuildFile; fileRef = B41617BB21539A4C00BA8F7B /* Assets.xcassets */; };
		B41617BF21539A4C00BA8F7B /* LaunchScreen.storyboard in Resources */ = {isa = PBXBuildFile; fileRef = B41617BD21539A4C00BA8F7B /* LaunchScreen.storyboard */; };
		B41B686E2171FA9500184EFD /* GameModel.swift in Sources */ = {isa = PBXBuildFile; fileRef = B41B686D2171FA9500184EFD /* GameModel.swift */; };
		B41B68702171FBD100184EFD /* BlockPiece.swift in Sources */ = {isa = PBXBuildFile; fileRef = B41B686F2171FBD100184EFD /* BlockPiece.swift */; };
		B46EFD3F217F2030008F01A6 /* GameRules.swift in Sources */ = {isa = PBXBuildFile; fileRef = B46EFD3E217F2030008F01A6 /* GameRules.swift */; };
/* End PBXBuildFile section */

/* Begin PBXFileReference section */
		B41617B121539A4A00BA8F7B /* PuzzleMaze.app */ = {isa = PBXFileReference; explicitFileType = wrapper.application; includeInIndex = 0; path = PuzzleMaze.app; sourceTree = BUILT_PRODUCTS_DIR; };
		B41617B421539A4A00BA8F7B /* AppDelegate.swift */ = {isa = PBXFileReference; lastKnownFileType = sourcecode.swift; path = AppDelegate.swift; sourceTree = "<group>"; };
		B41617B621539A4A00BA8F7B /* ViewController.swift */ = {isa = PBXFileReference; lastKnownFileType = sourcecode.swift; path = ViewController.swift; sourceTree = "<group>"; };
		B41617B921539A4A00BA8F7B /* Base */ = {isa = PBXFileReference; lastKnownFileType = file.storyboard; name = Base; path = Base.lproj/Main.storyboard; sourceTree = "<group>"; };
		B41617BB21539A4C00BA8F7B /* Assets.xcassets */ = {isa = PBXFileReference; lastKnownFileType = folder.assetcatalog; path = Assets.xcassets; sourceTree = "<group>"; };
		B41617BE21539A4C00BA8F7B /* Base */ = {isa = PBXFileReference; lastKnownFileType = file.storyboard; name = Base; path = Base.lproj/LaunchScreen.storyboard; sourceTree = "<group>"; };
		B41617C021539A4C00BA8F7B /* Info.plist */ = {isa = PBXFileReference; lastKnownFileType = text.plist.xml; path = Info.plist; sourceTree = "<group>"; };
		B41B686D2171FA9500184EFD /* GameModel.swift */ = {isa = PBXFileReference; lastKnownFileType = sourcecode.swift; path = GameModel.swift; sourceTree = "<group>"; };
		B41B686F2171FBD100184EFD /* BlockPiece.swift */ = {isa = PBXFileReference; lastKnownFileType = sourcecode.swift; path = BlockPiece.swift; sourceTree = "<group>"; };
		B46EFD3E217F2030008F01A6 /* GameRules.swift */ = {isa = PBXFileReference; lastKnownFileType = sourcecode.swift; path = GameRules.swift; sourceTree = "<group>"; };
/* End PBXFileReference section */

/* Begin PBXFrameworksBuildPhase section */
		B41617AE21539A4A00BA8F7B /* Frameworks */ = {
			isa = PBXFrameworksBuildPhase;
			buildActionMask = 2147483647;
			files = (
			);
			runOnlyForDeploymentPostprocessing = 0;
		};
/* End PBXFrameworksBuildPhase section */

/* Begin PBXGroup section */
		B41617A821539A4A00BA8F7B = {
			isa = PBXGroup;
			children = (
				B41617B321539A4A00BA8F7B /* PuzzleMaze */,
				B41617B221539A4A00BA8F7B /* Products */,
			);
			sourceTree = "<group>";
		};
		B41617B221539A4A00BA8F7B /* Products */ = {
			isa = PBXGroup;
			children = (
				B41617B121539A4A00BA8F7B /* PuzzleMaze.app */,
			);
			name = Products;
			sourceTree = "<group>";
		};
		B41617B321539A4A00BA8F7B /* PuzzleMaze */ = {
			isa = PBXGroup;
			children = (
				B41B686D2171FA9500184EFD /* GameModel.swift */,
				B46EFD3E217F2030008F01A6 /* GameRules.swift */,
				B41B686F2171FBD100184EFD /* BlockPiece.swift */,
				B41617B421539A4A00BA8F7B /* AppDelegate.swift */,
				B41617B621539A4A00BA8F7B /* ViewController.swift */,
				B41617B821539A4A00BA8F7B /* Main.storyboard */,
				B41617BB21539A4C00BA8F7B /* Assets.xcassets */,
				B41617BD21539A4C00BA8F7B /* LaunchScreen.storyboard */,
				B41617C021539A4C00BA8F7B /* Info.plist */,
			);
			path = PuzzleMaze;
			sourceTree = "<group>";
		};
/* End PBXGroup section */

/* Begin PBXNativeTarget section */
		B41617B021539A4A00BA8F7B /* PuzzleMaze */ = {
			isa = PBXNativeTarget;
			buildConfigurationList = B41617C321539A4C00BA8F7B /* Build configuration list for PBXNativeTarget "PuzzleMaze" */;
			buildPhases = (
				B41617AD21539A4A00BA8F7B /* Sources */,
				B41617AE21539A4A00BA8F7B /* Frameworks */,
				B41617AF21539A4A00BA8F7B /* Resources */,
			);
			buildRules = (
			);
			dependencies = (
			);
			name = PuzzleMaze;
			productName = PuzzleMaze;
			productReference = B41617B121539A4A00BA8F7B /* PuzzleMaze.app */;
			productType = "com.apple.product-type.application";
		};
/* End PBXNativeTarget section */

/* Begin PBXProject section */
		B41617A921539A4A00BA8F7B /* Project object */ = {
			isa = PBXProject;
			attributes = {
				LastSwiftUpdateCheck = 1000;
				LastUpgradeCheck = 1000;
				ORGANIZATIONNAME = "Viktor Lott";
				TargetAttributes = {
					B41617B021539A4A00BA8F7B = {
						CreatedOnToolsVersion = 10.0;
					};
				};
			};
			buildConfigurationList = B41617AC21539A4A00BA8F7B /* Build configuration list for PBXProject "PuzzleMaze" */;
			compatibilityVersion = "Xcode 9.3";
			developmentRegion = en;
			hasScannedForEncodings = 0;
			knownRegions = (
				en,
				Base,
			);
			mainGroup = B41617A821539A4A00BA8F7B;
			productRefGroup = B41617B221539A4A00BA8F7B /* Products */;
			projectDirPath = "";
			projectRoot = "";
			targets = (
				B41617B021539A4A00BA8F7B /* PuzzleMaze */,
			);
		};
/* End PBXProject section */

/* Begin PBXResourcesBuildPhase section */
		B41617AF21539A4A00BA8F7B /* Resources */ = {
			isa = PBXResourcesBuildPhase;
			buildActionMask = 2147483647;
			files = (
				B41617BF21539A4C00BA8F7B /* LaunchScreen.storyboard in Resources */,
				B41617BC21539A4C00BA8F7B /* Assets.xcassets in Resources */,
				B41617BA21539A4A00BA8F7B /* Main.storyboard in Resources */,
			);
			runOnlyForDeploymentPostprocessing = 0;
		};
/* End PBXResourcesBuildPhase section */

/* Begin PBXSourcesBuildPhase section */
		B41617AD21539A4A00BA8F7B /* Sources */ = {
			isa = PBXSourcesBuildPhase;
			buildActionMask = 2147483647;
			files = (
				B41B68702171FBD100184EFD /* BlockPiece.swift in Sources */,
				B41617B721539A4A00BA8F7B /* ViewController.swift in Sources */,
				B41617B521539A4A00BA8F7B /* AppDelegate.swift in Sources */,
				B41B686E2171FA9500184EFD /* GameModel.swift in Sources */,
				B46EFD3F217F2030008F01A6 /* GameRules.swift in Sources */,
			);
			runOnlyForDeploymentPostprocessing = 0;
		};
/* End PBXSourcesBuildPhase section */

/* Begin PBXVariantGroup section */
		B41617B821539A4A00BA8F7B /* Main.storyboard */ = {
			isa = PBXVariantGroup;
			children = (
				B41617B921539A4A00BA8F7B /* Base */,
			);
			name = Main.storyboard;
			sourceTree = "<group>";
		};
		B41617BD21539A4C00BA8F7B /* LaunchScreen.storyboard */ = {
			isa = PBXVariantGroup;
			children = (
				B41617BE21539A4C00BA8F7B /* Base */,
			);
			name = LaunchScreen.storyboard;
			sourceTree = "<group>";
		};
/* End PBXVariantGroup section */

/* Begin XCBuildConfiguration section */
		B41617C121539A4C00BA8F7B /* Debug */ = {
			isa = XCBuildConfiguration;
			buildSettings = {
				ALWAYS_SEARCH_USER_PATHS = NO;
				CLANG_ANALYZER_NONNULL = YES;
				CLANG_ANALYZER_NUMBER_OBJECT_CONVERSION = YES_AGGRESSIVE;
				CLANG_CXX_LANGUAGE_STANDARD = "gnu++14";
				CLANG_CXX_LIBRARY = "libc++";
				CLANG_ENABLE_MODULES = YES;
				CLANG_ENABLE_OBJC_ARC = YES;
				CLANG_ENABLE_OBJC_WEAK = YES;
				CLANG_WARN_BLOCK_CAPTURE_AUTORELEASING = YES;
				CLANG_WARN_BOOL_CONVERSION = YES;
				CLANG_WARN_COMMA = YES;
				CLANG_WARN_CONSTANT_CONVERSION = YES;
				CLANG_WARN_DEPRECATED_OBJC_IMPLEMENTATIONS = YES;
				CLANG_WARN_DIRECT_OBJC_ISA_USAGE = YES_ERROR;
				CLANG_WARN_DOCUMENTATION_COMMENTS = YES;
				CLANG_WARN_EMPTY_BODY = YES;
				CLANG_WARN_ENUM_CONVERSION = YES;
				CLANG_WARN_INFINITE_RECURSION = YES;
				CLANG_WARN_INT_CONVERSION = YES;
				CLANG_WARN_NON_LITERAL_NULL_CONVERSION = YES;
				CLANG_WARN_OBJC_IMPLICIT_RETAIN_SELF = YES;
				CLANG_WARN_OBJC_LITERAL_CONVERSION = YES;
				CLANG_WARN_OBJC_ROOT_CLASS = YES_ERROR;
				CLANG_WARN_RANGE_LOOP_ANALYSIS = YES;
				CLANG_WARN_STRICT_PROTOTYPES = YES;
				CLANG_WARN_SUSPICIOUS_MOVE = YES;
				CLANG_WARN_UNGUARDED_AVAILABILITY = YES_AGGRESSIVE;
				CLANG_WARN_UNREACHABLE_CODE = YES;
				CLANG_WARN__DUPLICATE_METHOD_MATCH = YES;
				CODE_SIGN_IDENTITY = "iPhone Developer";
				COPY_PHASE_STRIP = NO;
				DEBUG_INFORMATION_FORMAT = dwarf;
				ENABLE_STRICT_OBJC_MSGSEND = YES;
				ENABLE_TESTABILITY = YES;
				GCC_C_LANGUAGE_STANDARD = gnu11;
				GCC_DYNAMIC_NO_PIC = NO;
				GCC_NO_COMMON_BLOCKS = YES;
				GCC_OPTIMIZATION_LEVEL = 0;
				GCC_PREPROCESSOR_DEFINITIONS = (
					"DEBUG=1",
					"$(inherited)",
				);
				GCC_WARN_64_TO_32_BIT_CONVERSION = YES;
				GCC_WARN_ABOUT_RETURN_TYPE = YES_ERROR;
				GCC_WARN_UNDECLARED_SELECTOR = YES;
				GCC_WARN_UNINITIALIZED_AUTOS = YES_AGGRESSIVE;
				GCC_WARN_UNUSED_FUNCTION = YES;
				GCC_WARN_UNUSED_VARIABLE = YES;
				IPHONEOS_DEPLOYMENT_TARGET = 12.0;
				MTL_ENABLE_DEBUG_INFO = INCLUDE_SOURCE;
				MTL_FAST_MATH = YES;
				ONLY_ACTIVE_ARCH = YES;
				SDKROOT = iphoneos;
				SWIFT_ACTIVE_COMPILATION_CONDITIONS = DEBUG;
				SWIFT_OPTIMIZATION_LEVEL = "-Onone";
			};
			name = Debug;
		};
		B41617C221539A4C00BA8F7B /* Release */ = {
			isa = XCBuildConfiguration;
			buildSettings = {
				ALWAYS_SEARCH_USER_PATHS = NO;
				CLANG_ANALYZER_NONNULL = YES;
				CLANG_ANALYZER_NUMBER_OBJECT_CONVERSION = YES_AGGRESSIVE;
				CLANG_CXX_LANGUAGE_STANDARD = "gnu++14";
				CLANG_CXX_LIBRARY = "libc++";
				CLANG_ENABLE_MODULES = YES;
				CLANG_ENABLE_OBJC_ARC = YES;
				CLANG_ENABLE_OBJC_WEAK = YES;
				CLANG_WARN_BLOCK_CAPTURE_AUTORELEASING = YES;
				CLANG_WARN_BOOL_CONVERSION = YES;
				CLANG_WARN_COMMA = YES;
				CLANG_WARN_CONSTANT_CONVERSION = YES;
				CLANG_WARN_DEPRECATED_OBJC_IMPLEMENTATIONS = YES;
				CLANG_WARN_DIRECT_OBJC_ISA_USAGE = YES_ERROR;
				CLANG_WARN_DOCUMENTATION_COMMENTS = YES;
				CLANG_WARN_EMPTY_BODY = YES;
				CLANG_WARN_ENUM_CONVERSION = YES;
				CLANG_WARN_INFINITE_RECURSION = YES;
				CLANG_WARN_INT_CONVERSION = YES;
				CLANG_WARN_NON_LITERAL_NULL_CONVERSION = YES;
				CLANG_WARN_OBJC_IMPLICIT_RETAIN_SELF = YES;
				CLANG_WARN_OBJC_LITERAL_CONVERSION = YES;
				CLANG_WARN_OBJC_ROOT_CLASS = YES_ERROR;
				CLANG_WARN_RANGE_LOOP_ANALYSIS = YES;
				CLANG_WARN_STRICT_PROTOTYPES = YES;
				CLANG_WARN_SUSPICIOUS_MOVE = YES;
				CLANG_WARN_UNGUARDED_AVAILABILITY = YES_AGGRESSIVE;
				CLANG_WARN_UNREACHABLE_CODE = YES;
				CLANG_WARN__DUPLICATE_METHOD_MATCH = YES;
				CODE_SIGN_IDENTITY = "iPhone Developer";
				COPY_PHASE_STRIP = NO;
				DEBUG_INFORMATION_FORMAT = "dwarf-with-dsym";
				ENABLE_NS_ASSERTIONS = NO;
				ENABLE_STRICT_OBJC_MSGSEND = YES;
				GCC_C_LANGUAGE_STANDARD = gnu11;
				GCC_NO_COMMON_BLOCKS = YES;
				GCC_WARN_64_TO_32_BIT_CONVERSION = YES;
				GCC_WARN_ABOUT_RETURN_TYPE = YES_ERROR;
				GCC_WARN_UNDECLARED_SELECTOR = YES;
				GCC_WARN_UNINITIALIZED_AUTOS = YES_AGGRESSIVE;
				GCC_WARN_UNUSED_FUNCTION = YES;
				GCC_WARN_UNUSED_VARIABLE = YES;
				IPHONEOS_DEPLOYMENT_TARGET = 12.0;
				MTL_ENABLE_DEBUG_INFO = NO;
				MTL_FAST_MATH = YES;
				SDKROOT = iphoneos;
				SWIFT_COMPILATION_MODE = wholemodule;
				SWIFT_OPTIMIZATION_LEVEL = "-O";
				VALIDATE_PRODUCT = YES;
			};
			name = Release;
		};
		B41617C421539A4C00BA8F7B /* Debug */ = {
			isa = XCBuildConfiguration;
			buildSettings = {
				ASSETCATALOG_COMPILER_APPICON_NAME = AppIcon;
				CODE_SIGN_STYLE = Automatic;
				INFOPLIST_FILE = PuzzleMaze/Info.plist;
				LD_RUNPATH_SEARCH_PATHS = (
					"$(inherited)",
					"@executable_path/Frameworks",
				);
				PRODUCT_BUNDLE_IDENTIFIER = se.PuzzleMaze;
				PRODUCT_NAME = "$(TARGET_NAME)";
				SWIFT_VERSION = 4.2;
				TARGETED_DEVICE_FAMILY = "1,2";
			};
			name = Debug;
		};
		B41617C521539A4C00BA8F7B /* Release */ = {
			isa = XCBuildConfiguration;
			buildSettings = {
				ASSETCATALOG_COMPILER_APPICON_NAME = AppIcon;
				CODE_SIGN_STYLE = Automatic;
				INFOPLIST_FILE = PuzzleMaze/Info.plist;
				LD_RUNPATH_SEARCH_PATHS = (
					"$(inherited)",
					"@executable_path/Frameworks",
				);
				PRODUCT_BUNDLE_IDENTIFIER = se.PuzzleMaze;
				PRODUCT_NAME = "$(TARGET_NAME)";
				SWIFT_VERSION = 4.2;
				TARGETED_DEVICE_FAMILY = "1,2";
			};
			name = Release;
		};
/* End XCBuildConfiguration section */

/* Begin XCConfigurationList section */
		B41617AC21539A4A00BA8F7B /* Build configuration list for PBXProject "PuzzleMaze" */ = {
			isa = XCConfigurationList;
			buildConfigurations = (
				B41617C121539A4C00BA8F7B /* Debug */,
				B41617C221539A4C00BA8F7B /* Release */,
			);
			defaultConfigurationIsVisible = 0;
			defaultConfigurationName = Release;
		};
		B41617C321539A4C00BA8F7B /* Build configuration list for PBXNativeTarget "PuzzleMaze" */ = {
			isa = XCConfigurationList;
			buildConfigurations = (
				B41617C421539A4C00BA8F7B /* Debug */,
				B41617C521539A4C00BA8F7B /* Release */,
			);
			defaultConfigurationIsVisible = 0;
			defaultConfigurationName = Release;
		};
/* End XCConfigurationList section */
	};
	rootObject = B41617A921539A4A00BA8F7B /* Project object */;
}
